// !$*UTF8*$!
{
	archiveVersion = 1;
	classes = {
	};
	objectVersion = 50;
	objects = {

/* Begin PBXBuildFile section */
		6C64BF8B2491F33B008B403E /* AppDelegate.swift in Sources */ = {isa = PBXBuildFile; fileRef = 6C64BF8A2491F33B008B403E /* AppDelegate.swift */; };
		6C64BF8D2491F33B008B403E /* SceneDelegate.swift in Sources */ = {isa = PBXBuildFile; fileRef = 6C64BF8C2491F33B008B403E /* SceneDelegate.swift */; };
		6C64BF8F2491F33B008B403E /* ViewController.swift in Sources */ = {isa = PBXBuildFile; fileRef = 6C64BF8E2491F33B008B403E /* ViewController.swift */; };
		6C64BF942491F33D008B403E /* Assets.xcassets in Resources */ = {isa = PBXBuildFile; fileRef = 6C64BF932491F33D008B403E /* Assets.xcassets */; };
		6C64BF972491F33D008B403E /* LaunchScreen.storyboard in Resources */ = {isa = PBXBuildFile; fileRef = 6C64BF952491F33D008B403E /* LaunchScreen.storyboard */; };
		6C64BFB424925831008B403E /* LoginViewController.swift in Sources */ = {isa = PBXBuildFile; fileRef = 6C64BFB324925831008B403E /* LoginViewController.swift */; };
		6C64BFB824925A51008B403E /* LoginView.storyboard in Resources */ = {isa = PBXBuildFile; fileRef = 6C64BFB724925A51008B403E /* LoginView.storyboard */; };
		6C64BFBA24925BD6008B403E /* TopicView.storyboard in Resources */ = {isa = PBXBuildFile; fileRef = 6C64BFB924925BD6008B403E /* TopicView.storyboard */; };
		6C64BFBE24925C0D008B403E /* ProfileView.storyboard in Resources */ = {isa = PBXBuildFile; fileRef = 6C64BFBD24925C0D008B403E /* ProfileView.storyboard */; };
		6C64BFC024925C48008B403E /* ProfileViewController.swift in Sources */ = {isa = PBXBuildFile; fileRef = 6C64BFBF24925C48008B403E /* ProfileViewController.swift */; };
		6C64BFC224925C61008B403E /* LeaderboardsViewController.swift in Sources */ = {isa = PBXBuildFile; fileRef = 6C64BFC124925C61008B403E /* LeaderboardsViewController.swift */; };
		6C64BFC424925C70008B403E /* TopicViewController.swift in Sources */ = {isa = PBXBuildFile; fileRef = 6C64BFC324925C70008B403E /* TopicViewController.swift */; };
		6C64BFCC2492C21F008B403E /* topicCollectionViewCell.swift in Sources */ = {isa = PBXBuildFile; fileRef = 6C64BFCB2492C21F008B403E /* topicCollectionViewCell.swift */; };
		6C64BFCE2492CE32008B403E /* rank.storyboard in Resources */ = {isa = PBXBuildFile; fileRef = 6C64BFCD2492CE32008B403E /* rank.storyboard */; };
		6C64BFEB24941D70008B403E /* playTopic.swift in Sources */ = {isa = PBXBuildFile; fileRef = 6C64BFE924941D70008B403E /* playTopic.swift */; };
		6C64BFEC24941D70008B403E /* playTopicCell.swift in Sources */ = {isa = PBXBuildFile; fileRef = 6C64BFEA24941D70008B403E /* playTopicCell.swift */; };
		6C64BFF12494A1B6008B403E /* corona.jpg in Resources */ = {isa = PBXBuildFile; fileRef = 6C64BFED2494A1B5008B403E /* corona.jpg */; };
		6C64BFF22494A1B6008B403E /* Sekolah.jpg in Resources */ = {isa = PBXBuildFile; fileRef = 6C64BFEE2494A1B6008B403E /* Sekolah.jpg */; };
		6C64BFF32494A1B6008B403E /* rasis.jpg in Resources */ = {isa = PBXBuildFile; fileRef = 6C64BFEF2494A1B6008B403E /* rasis.jpg */; };
		6C64BFF42494A1B6008B403E /* nature.jpg in Resources */ = {isa = PBXBuildFile; fileRef = 6C64BFF02494A1B6008B403E /* nature.jpg */; };
		6C64BFF62496AA04008B403E /* playStoryLyrics.swift in Sources */ = {isa = PBXBuildFile; fileRef = 6C64BFF52496AA04008B403E /* playStoryLyrics.swift */; };
/* End PBXBuildFile section */

/* Begin PBXFileReference section */
		6C64BF872491F33B008B403E /* Story.app */ = {isa = PBXFileReference; explicitFileType = wrapper.application; includeInIndex = 0; path = Story.app; sourceTree = BUILT_PRODUCTS_DIR; };
		6C64BF8A2491F33B008B403E /* AppDelegate.swift */ = {isa = PBXFileReference; lastKnownFileType = sourcecode.swift; path = AppDelegate.swift; sourceTree = "<group>"; };
		6C64BF8C2491F33B008B403E /* SceneDelegate.swift */ = {isa = PBXFileReference; lastKnownFileType = sourcecode.swift; path = SceneDelegate.swift; sourceTree = "<group>"; };
		6C64BF8E2491F33B008B403E /* ViewController.swift */ = {isa = PBXFileReference; lastKnownFileType = sourcecode.swift; path = ViewController.swift; sourceTree = "<group>"; };
		6C64BF932491F33D008B403E /* Assets.xcassets */ = {isa = PBXFileReference; lastKnownFileType = folder.assetcatalog; path = Assets.xcassets; sourceTree = "<group>"; };
		6C64BF962491F33D008B403E /* Base */ = {isa = PBXFileReference; lastKnownFileType = file.storyboard; name = Base; path = Base.lproj/LaunchScreen.storyboard; sourceTree = "<group>"; };
		6C64BF982491F33D008B403E /* Info.plist */ = {isa = PBXFileReference; lastKnownFileType = text.plist.xml; path = Info.plist; sourceTree = "<group>"; };
		6C64BFB324925831008B403E /* LoginViewController.swift */ = {isa = PBXFileReference; lastKnownFileType = sourcecode.swift; path = LoginViewController.swift; sourceTree = "<group>"; };
		6C64BFB724925A51008B403E /* LoginView.storyboard */ = {isa = PBXFileReference; lastKnownFileType = file.storyboard; path = LoginView.storyboard; sourceTree = "<group>"; };
		6C64BFB924925BD6008B403E /* TopicView.storyboard */ = {isa = PBXFileReference; fileEncoding = 4; lastKnownFileType = file.storyboard; path = TopicView.storyboard; sourceTree = "<group>"; };
		6C64BFBD24925C0D008B403E /* ProfileView.storyboard */ = {isa = PBXFileReference; fileEncoding = 4; lastKnownFileType = file.storyboard; path = ProfileView.storyboard; sourceTree = "<group>"; };
		6C64BFBF24925C48008B403E /* ProfileViewController.swift */ = {isa = PBXFileReference; lastKnownFileType = sourcecode.swift; path = ProfileViewController.swift; sourceTree = "<group>"; };
		6C64BFC124925C61008B403E /* LeaderboardsViewController.swift */ = {isa = PBXFileReference; lastKnownFileType = sourcecode.swift; path = LeaderboardsViewController.swift; sourceTree = "<group>"; };
		6C64BFC324925C70008B403E /* TopicViewController.swift */ = {isa = PBXFileReference; lastKnownFileType = sourcecode.swift; path = TopicViewController.swift; sourceTree = "<group>"; };
		6C64BFCB2492C21F008B403E /* topicCollectionViewCell.swift */ = {isa = PBXFileReference; lastKnownFileType = sourcecode.swift; path = topicCollectionViewCell.swift; sourceTree = "<group>"; };
		6C64BFCD2492CE32008B403E /* rank.storyboard */ = {isa = PBXFileReference; fileEncoding = 4; lastKnownFileType = file.storyboard; path = rank.storyboard; sourceTree = "<group>"; };
		6C64BFE924941D70008B403E /* playTopic.swift */ = {isa = PBXFileReference; fileEncoding = 4; lastKnownFileType = sourcecode.swift; path = playTopic.swift; sourceTree = "<group>"; };
		6C64BFEA24941D70008B403E /* playTopicCell.swift */ = {isa = PBXFileReference; fileEncoding = 4; lastKnownFileType = sourcecode.swift; path = playTopicCell.swift; sourceTree = "<group>"; };
		6C64BFED2494A1B5008B403E /* corona.jpg */ = {isa = PBXFileReference; lastKnownFileType = image.jpeg; path = corona.jpg; sourceTree = "<group>"; };
		6C64BFEE2494A1B6008B403E /* Sekolah.jpg */ = {isa = PBXFileReference; lastKnownFileType = image.jpeg; path = Sekolah.jpg; sourceTree = "<group>"; };
		6C64BFEF2494A1B6008B403E /* rasis.jpg */ = {isa = PBXFileReference; lastKnownFileType = image.jpeg; path = rasis.jpg; sourceTree = "<group>"; };
		6C64BFF02494A1B6008B403E /* nature.jpg */ = {isa = PBXFileReference; lastKnownFileType = image.jpeg; path = nature.jpg; sourceTree = "<group>"; };
		6C64BFF52496AA04008B403E /* playStoryLyrics.swift */ = {isa = PBXFileReference; lastKnownFileType = sourcecode.swift; path = playStoryLyrics.swift; sourceTree = "<group>"; };
/* End PBXFileReference section */

/* Begin PBXFrameworksBuildPhase section */
		6C64BF842491F33B008B403E /* Frameworks */ = {
			isa = PBXFrameworksBuildPhase;
			buildActionMask = 2147483647;
			files = (
			);
			runOnlyForDeploymentPostprocessing = 0;
		};
/* End PBXFrameworksBuildPhase section */

/* Begin PBXGroup section */
		6C64BF7E2491F33B008B403E = {
			isa = PBXGroup;
			children = (
				6C64BF892491F33B008B403E /* Story */,
				6C64BF882491F33B008B403E /* Products */,
			);
			sourceTree = "<group>";
		};
		6C64BF882491F33B008B403E /* Products */ = {
			isa = PBXGroup;
			children = (
				6C64BF872491F33B008B403E /* Story.app */,
			);
			name = Products;
			sourceTree = "<group>";
		};
		6C64BF892491F33B008B403E /* Story */ = {
			isa = PBXGroup;
			children = (
				6C64BFA42492570E008B403E /* Login */,
				6C64BFA1249256A9008B403E /* Profile */,
				6C64BF9F24925696008B403E /* Leaderboards */,
				6C64BF9E2492565D008B403E /* Topic */,
				6C64BFA3249256CF008B403E /* Helper */,
				6C64BFA2249256C9008B403E /* Model */,
				6C64BF8C2491F33B008B403E /* SceneDelegate.swift */,
				6C64BF8A2491F33B008B403E /* AppDelegate.swift */,
				6C64BF8E2491F33B008B403E /* ViewController.swift */,
				6C64BF932491F33D008B403E /* Assets.xcassets */,
				6C64BF982491F33D008B403E /* Info.plist */,
			);
			path = Story;
			sourceTree = "<group>";
		};
		6C64BF9E2492565D008B403E /* Topic */ = {
			isa = PBXGroup;
			children = (
				6C64BFB0249257AD008B403E /* Assets */,
				6C64BFAF249257A5008B403E /* Controller */,
				6C64BFAE2492579F008B403E /* View */,
			);
			path = Topic;
			sourceTree = "<group>";
		};
		6C64BF9F24925696008B403E /* Leaderboards */ = {
			isa = PBXGroup;
			children = (
				6C64BFAD24925795008B403E /* Assets */,
				6C64BFAC2492578D008B403E /* Controller */,
				6C64BFAB24925774008B403E /* View */,
			);
			path = Leaderboards;
			sourceTree = "<group>";
		};
		6C64BFA1249256A9008B403E /* Profile */ = {
			isa = PBXGroup;
			children = (
				6C64BFAA24925767008B403E /* Assets */,
				6C64BFA924925760008B403E /* Controller */,
				6C64BFA824925758008B403E /* View */,
			);
			path = Profile;
			sourceTree = "<group>";
		};
		6C64BFA2249256C9008B403E /* Model */ = {
			isa = PBXGroup;
			children = (
			);
			path = Model;
			sourceTree = "<group>";
		};
		6C64BFA3249256CF008B403E /* Helper */ = {
			isa = PBXGroup;
			children = (
			);
			path = Helper;
			sourceTree = "<group>";
		};
		6C64BFA42492570E008B403E /* Login */ = {
			isa = PBXGroup;
			children = (
				6C64BFA724925747008B403E /* Assets */,
				6C64BFA62492573E008B403E /* Controller */,
				6C64BFA524925738008B403E /* View */,
			);
			path = Login;
			sourceTree = "<group>";
		};
		6C64BFA524925738008B403E /* View */ = {
			isa = PBXGroup;
			children = (
				6C64BF952491F33D008B403E /* LaunchScreen.storyboard */,
				6C64BFB724925A51008B403E /* LoginView.storyboard */,
			);
			path = View;
			sourceTree = "<group>";
		};
		6C64BFA62492573E008B403E /* Controller */ = {
			isa = PBXGroup;
			children = (
				6C64BFB324925831008B403E /* LoginViewController.swift */,
			);
			path = Controller;
			sourceTree = "<group>";
		};
		6C64BFA724925747008B403E /* Assets */ = {
			isa = PBXGroup;
			children = (
			);
			path = Assets;
			sourceTree = "<group>";
		};
		6C64BFA824925758008B403E /* View */ = {
			isa = PBXGroup;
			children = (
				6C64BFBD24925C0D008B403E /* ProfileView.storyboard */,
			);
			path = View;
			sourceTree = "<group>";
		};
		6C64BFA924925760008B403E /* Controller */ = {
			isa = PBXGroup;
			children = (
				6C64BFBF24925C48008B403E /* ProfileViewController.swift */,
			);
			path = Controller;
			sourceTree = "<group>";
		};
		6C64BFAA24925767008B403E /* Assets */ = {
			isa = PBXGroup;
			children = (
			);
			path = Assets;
			sourceTree = "<group>";
		};
		6C64BFAB24925774008B403E /* View */ = {
			isa = PBXGroup;
			children = (
				6C64BFCD2492CE32008B403E /* rank.storyboard */,
			);
			path = View;
			sourceTree = "<group>";
		};
		6C64BFAC2492578D008B403E /* Controller */ = {
			isa = PBXGroup;
			children = (
				6C64BFC124925C61008B403E /* LeaderboardsViewController.swift */,
			);
			path = Controller;
			sourceTree = "<group>";
		};
		6C64BFAD24925795008B403E /* Assets */ = {
			isa = PBXGroup;
			children = (
			);
			path = Assets;
			sourceTree = "<group>";
		};
		6C64BFAE2492579F008B403E /* View */ = {
			isa = PBXGroup;
			children = (
				6C64BFB924925BD6008B403E /* TopicView.storyboard */,
			);
			path = View;
			sourceTree = "<group>";
		};
		6C64BFAF249257A5008B403E /* Controller */ = {
			isa = PBXGroup;
			children = (
				6C64BFE924941D70008B403E /* playTopic.swift */,
				6C64BFEA24941D70008B403E /* playTopicCell.swift */,
				6C64BFC324925C70008B403E /* TopicViewController.swift */,
				6C64BFCB2492C21F008B403E /* topicCollectionViewCell.swift */,
				6C64BFF52496AA04008B403E /* playStoryLyrics.swift */,
			);
			path = Controller;
			sourceTree = "<group>";
		};
		6C64BFB0249257AD008B403E /* Assets */ = {
			isa = PBXGroup;
			children = (
				6C64BFED2494A1B5008B403E /* corona.jpg */,
				6C64BFF02494A1B6008B403E /* nature.jpg */,
				6C64BFEF2494A1B6008B403E /* rasis.jpg */,
				6C64BFEE2494A1B6008B403E /* Sekolah.jpg */,
			);
			path = Assets;
			sourceTree = "<group>";
		};
/* End PBXGroup section */

/* Begin PBXNativeTarget section */
		6C64BF862491F33B008B403E /* Story */ = {
			isa = PBXNativeTarget;
			buildConfigurationList = 6C64BF9B2491F33D008B403E /* Build configuration list for PBXNativeTarget "Story" */;
			buildPhases = (
				6C64BF832491F33B008B403E /* Sources */,
				6C64BF842491F33B008B403E /* Frameworks */,
				6C64BF852491F33B008B403E /* Resources */,
			);
			buildRules = (
			);
			dependencies = (
			);
			name = Story;
			productName = Story;
			productReference = 6C64BF872491F33B008B403E /* Story.app */;
			productType = "com.apple.product-type.application";
		};
/* End PBXNativeTarget section */

/* Begin PBXProject section */
		6C64BF7F2491F33B008B403E /* Project object */ = {
			isa = PBXProject;
			attributes = {
				LastSwiftUpdateCheck = 1140;
				LastUpgradeCheck = 1140;
				ORGANIZATIONNAME = "Aries Dwi Prasetiyo";
				TargetAttributes = {
					6C64BF862491F33B008B403E = {
						CreatedOnToolsVersion = 11.4.1;
					};
				};
			};
			buildConfigurationList = 6C64BF822491F33B008B403E /* Build configuration list for PBXProject "Story" */;
			compatibilityVersion = "Xcode 9.3";
			developmentRegion = en;
			hasScannedForEncodings = 0;
			knownRegions = (
				en,
				Base,
			);
			mainGroup = 6C64BF7E2491F33B008B403E;
			productRefGroup = 6C64BF882491F33B008B403E /* Products */;
			projectDirPath = "";
			projectRoot = "";
			targets = (
				6C64BF862491F33B008B403E /* Story */,
			);
		};
/* End PBXProject section */

/* Begin PBXResourcesBuildPhase section */
		6C64BF852491F33B008B403E /* Resources */ = {
			isa = PBXResourcesBuildPhase;
			buildActionMask = 2147483647;
			files = (
				6C64BFF42494A1B6008B403E /* nature.jpg in Resources */,
				6C64BFBA24925BD6008B403E /* TopicView.storyboard in Resources */,
				6C64BFF32494A1B6008B403E /* rasis.jpg in Resources */,
				6C64BFF22494A1B6008B403E /* Sekolah.jpg in Resources */,
				6C64BF972491F33D008B403E /* LaunchScreen.storyboard in Resources */,
				6C64BFF12494A1B6008B403E /* corona.jpg in Resources */,
				6C64BFCE2492CE32008B403E /* rank.storyboard in Resources */,
				6C64BF942491F33D008B403E /* Assets.xcassets in Resources */,
				6C64BFBE24925C0D008B403E /* ProfileView.storyboard in Resources */,
				6C64BFB824925A51008B403E /* LoginView.storyboard in Resources */,
			);
			runOnlyForDeploymentPostprocessing = 0;
		};
/* End PBXResourcesBuildPhase section */

/* Begin PBXSourcesBuildPhase section */
		6C64BF832491F33B008B403E /* Sources */ = {
			isa = PBXSourcesBuildPhase;
			buildActionMask = 2147483647;
			files = (
				6C64BFB424925831008B403E /* LoginViewController.swift in Sources */,
				6C64BFEB24941D70008B403E /* playTopic.swift in Sources */,
				6C64BF8F2491F33B008B403E /* ViewController.swift in Sources */,
				6C64BFC024925C48008B403E /* ProfileViewController.swift in Sources */,
				6C64BFF62496AA04008B403E /* playStoryLyrics.swift in Sources */,
				6C64BF8B2491F33B008B403E /* AppDelegate.swift in Sources */,
				6C64BFEC24941D70008B403E /* playTopicCell.swift in Sources */,
				6C64BFC224925C61008B403E /* LeaderboardsViewController.swift in Sources */,
				6C64BF8D2491F33B008B403E /* SceneDelegate.swift in Sources */,
				6C64BFCC2492C21F008B403E /* topicCollectionViewCell.swift in Sources */,
				6C64BFC424925C70008B403E /* TopicViewController.swift in Sources */,
			);
			runOnlyForDeploymentPostprocessing = 0;
		};
/* End PBXSourcesBuildPhase section */

/* Begin PBXVariantGroup section */
		6C64BF952491F33D008B403E /* LaunchScreen.storyboard */ = {
			isa = PBXVariantGroup;
			children = (
				6C64BF962491F33D008B403E /* Base */,
			);
			name = LaunchScreen.storyboard;
			sourceTree = "<group>";
		};
/* End PBXVariantGroup section */

/* Begin XCBuildConfiguration section */
		6C64BF992491F33D008B403E /* Debug */ = {
			isa = XCBuildConfiguration;
			buildSettings = {
				ALWAYS_SEARCH_USER_PATHS = NO;
				CLANG_ANALYZER_NONNULL = YES;
				CLANG_ANALYZER_NUMBER_OBJECT_CONVERSION = YES_AGGRESSIVE;
				CLANG_CXX_LANGUAGE_STANDARD = "gnu++14";
				CLANG_CXX_LIBRARY = "libc++";
				CLANG_ENABLE_MODULES = YES;
				CLANG_ENABLE_OBJC_ARC = YES;
				CLANG_ENABLE_OBJC_WEAK = YES;
				CLANG_WARN_BLOCK_CAPTURE_AUTORELEASING = YES;
				CLANG_WARN_BOOL_CONVERSION = YES;
				CLANG_WARN_COMMA = YES;
				CLANG_WARN_CONSTANT_CONVERSION = YES;
				CLANG_WARN_DEPRECATED_OBJC_IMPLEMENTATIONS = YES;
				CLANG_WARN_DIRECT_OBJC_ISA_USAGE = YES_ERROR;
				CLANG_WARN_DOCUMENTATION_COMMENTS = YES;
				CLANG_WARN_EMPTY_BODY = YES;
				CLANG_WARN_ENUM_CONVERSION = YES;
				CLANG_WARN_INFINITE_RECURSION = YES;
				CLANG_WARN_INT_CONVERSION = YES;
				CLANG_WARN_NON_LITERAL_NULL_CONVERSION = YES;
				CLANG_WARN_OBJC_IMPLICIT_RETAIN_SELF = YES;
				CLANG_WARN_OBJC_LITERAL_CONVERSION = YES;
				CLANG_WARN_OBJC_ROOT_CLASS = YES_ERROR;
				CLANG_WARN_RANGE_LOOP_ANALYSIS = YES;
				CLANG_WARN_STRICT_PROTOTYPES = YES;
				CLANG_WARN_SUSPICIOUS_MOVE = YES;
				CLANG_WARN_UNGUARDED_AVAILABILITY = YES_AGGRESSIVE;
				CLANG_WARN_UNREACHABLE_CODE = YES;
				CLANG_WARN__DUPLICATE_METHOD_MATCH = YES;
				COPY_PHASE_STRIP = NO;
				DEBUG_INFORMATION_FORMAT = dwarf;
				ENABLE_STRICT_OBJC_MSGSEND = YES;
				ENABLE_TESTABILITY = YES;
				GCC_C_LANGUAGE_STANDARD = gnu11;
				GCC_DYNAMIC_NO_PIC = NO;
				GCC_NO_COMMON_BLOCKS = YES;
				GCC_OPTIMIZATION_LEVEL = 0;
				GCC_PREPROCESSOR_DEFINITIONS = (
					"DEBUG=1",
					"$(inherited)",
				);
				GCC_WARN_64_TO_32_BIT_CONVERSION = YES;
				GCC_WARN_ABOUT_RETURN_TYPE = YES_ERROR;
				GCC_WARN_UNDECLARED_SELECTOR = YES;
				GCC_WARN_UNINITIALIZED_AUTOS = YES_AGGRESSIVE;
				GCC_WARN_UNUSED_FUNCTION = YES;
				GCC_WARN_UNUSED_VARIABLE = YES;
				IPHONEOS_DEPLOYMENT_TARGET = 13.4;
				MTL_ENABLE_DEBUG_INFO = INCLUDE_SOURCE;
				MTL_FAST_MATH = YES;
				ONLY_ACTIVE_ARCH = YES;
				SDKROOT = iphoneos;
				SWIFT_ACTIVE_COMPILATION_CONDITIONS = DEBUG;
				SWIFT_OPTIMIZATION_LEVEL = "-Onone";
			};
			name = Debug;
		};
		6C64BF9A2491F33D008B403E /* Release */ = {
			isa = XCBuildConfiguration;
			buildSettings = {
				ALWAYS_SEARCH_USER_PATHS = NO;
				CLANG_ANALYZER_NONNULL = YES;
				CLANG_ANALYZER_NUMBER_OBJECT_CONVERSION = YES_AGGRESSIVE;
				CLANG_CXX_LANGUAGE_STANDARD = "gnu++14";
				CLANG_CXX_LIBRARY = "libc++";
				CLANG_ENABLE_MODULES = YES;
				CLANG_ENABLE_OBJC_ARC = YES;
				CLANG_ENABLE_OBJC_WEAK = YES;
				CLANG_WARN_BLOCK_CAPTURE_AUTORELEASING = YES;
				CLANG_WARN_BOOL_CONVERSION = YES;
				CLANG_WARN_COMMA = YES;
				CLANG_WARN_CONSTANT_CONVERSION = YES;
				CLANG_WARN_DEPRECATED_OBJC_IMPLEMENTATIONS = YES;
				CLANG_WARN_DIRECT_OBJC_ISA_USAGE = YES_ERROR;
				CLANG_WARN_DOCUMENTATION_COMMENTS = YES;
				CLANG_WARN_EMPTY_BODY = YES;
				CLANG_WARN_ENUM_CONVERSION = YES;
				CLANG_WARN_INFINITE_RECURSION = YES;
				CLANG_WARN_INT_CONVERSION = YES;
				CLANG_WARN_NON_LITERAL_NULL_CONVERSION = YES;
				CLANG_WARN_OBJC_IMPLICIT_RETAIN_SELF = YES;
				CLANG_WARN_OBJC_LITERAL_CONVERSION = YES;
				CLANG_WARN_OBJC_ROOT_CLASS = YES_ERROR;
				CLANG_WARN_RANGE_LOOP_ANALYSIS = YES;
				CLANG_WARN_STRICT_PROTOTYPES = YES;
				CLANG_WARN_SUSPICIOUS_MOVE = YES;
				CLANG_WARN_UNGUARDED_AVAILABILITY = YES_AGGRESSIVE;
				CLANG_WARN_UNREACHABLE_CODE = YES;
				CLANG_WARN__DUPLICATE_METHOD_MATCH = YES;
				COPY_PHASE_STRIP = NO;
				DEBUG_INFORMATION_FORMAT = "dwarf-with-dsym";
				ENABLE_NS_ASSERTIONS = NO;
				ENABLE_STRICT_OBJC_MSGSEND = YES;
				GCC_C_LANGUAGE_STANDARD = gnu11;
				GCC_NO_COMMON_BLOCKS = YES;
				GCC_WARN_64_TO_32_BIT_CONVERSION = YES;
				GCC_WARN_ABOUT_RETURN_TYPE = YES_ERROR;
				GCC_WARN_UNDECLARED_SELECTOR = YES;
				GCC_WARN_UNINITIALIZED_AUTOS = YES_AGGRESSIVE;
				GCC_WARN_UNUSED_FUNCTION = YES;
				GCC_WARN_UNUSED_VARIABLE = YES;
				IPHONEOS_DEPLOYMENT_TARGET = 13.4;
				MTL_ENABLE_DEBUG_INFO = NO;
				MTL_FAST_MATH = YES;
				SDKROOT = iphoneos;
				SWIFT_COMPILATION_MODE = wholemodule;
				SWIFT_OPTIMIZATION_LEVEL = "-O";
				VALIDATE_PRODUCT = YES;
			};
			name = Release;
		};
		6C64BF9C2491F33D008B403E /* Debug */ = {
			isa = XCBuildConfiguration;
			buildSettings = {
				ASSETCATALOG_COMPILER_APPICON_NAME = AppIcon;
				CODE_SIGN_STYLE = Automatic;
				DEVELOPMENT_TEAM = 43F85566S2;
				INFOPLIST_FILE = Story/Info.plist;
				LD_RUNPATH_SEARCH_PATHS = (
					"$(inherited)",
					"@executable_path/Frameworks",
				);
				PRODUCT_BUNDLE_IDENTIFIER = aries.Story;
				PRODUCT_NAME = "$(TARGET_NAME)";
				SWIFT_VERSION = 5.0;
				TARGETED_DEVICE_FAMILY = "1,2";
			};
			name = Debug;
		};
		6C64BF9D2491F33D008B403E /* Release */ = {
			isa = XCBuildConfiguration;
			buildSettings = {
				ASSETCATALOG_COMPILER_APPICON_NAME = AppIcon;
				CODE_SIGN_STYLE = Automatic;
				DEVELOPMENT_TEAM = 43F85566S2;
				INFOPLIST_FILE = Story/Info.plist;
				LD_RUNPATH_SEARCH_PATHS = (
					"$(inherited)",
					"@executable_path/Frameworks",
				);
				PRODUCT_BUNDLE_IDENTIFIER = aries.Story;
				PRODUCT_NAME = "$(TARGET_NAME)";
				SWIFT_VERSION = 5.0;
				TARGETED_DEVICE_FAMILY = "1,2";
			};
			name = Release;
		};
/* End XCBuildConfiguration section */

/* Begin XCConfigurationList section */
		6C64BF822491F33B008B403E /* Build configuration list for PBXProject "Story" */ = {
			isa = XCConfigurationList;
			buildConfigurations = (
				6C64BF992491F33D008B403E /* Debug */,
				6C64BF9A2491F33D008B403E /* Release */,
			);
			defaultConfigurationIsVisible = 0;
			defaultConfigurationName = Release;
		};
		6C64BF9B2491F33D008B403E /* Build configuration list for PBXNativeTarget "Story" */ = {
			isa = XCConfigurationList;
			buildConfigurations = (
				6C64BF9C2491F33D008B403E /* Debug */,
				6C64BF9D2491F33D008B403E /* Release */,
			);
			defaultConfigurationIsVisible = 0;
			defaultConfigurationName = Release;
		};
/* End XCConfigurationList section */
	};
	rootObject = 6C64BF7F2491F33B008B403E /* Project object */;
}
